Microsoft Visual Studio Solution File, Format Version 12.00
# Visual Studio Version 17
VisualStudioVersion = 17.5.2.0
MinimumVisualStudioVersion = 10.0.40219.1
Project("{FAE04EC0-301F-11D3-BF4B-00C04F79EFBC}") = "MiApi", "MiApi.csproj", "{84E9625D-BA4D-59C1-460C-A77303BA6E1D}"
EndProject
Global
	GlobalSection(SolutionConfigurationPlatforms) = preSolution
		Debug|Any CPU = Debug|Any CPU
		Release|Any CPU = Release|Any CPU
	EndGlobalSection
	GlobalSection(ProjectConfigurationPlatforms) = postSolution
		{84E9625D-BA4D-59C1-460C-A77303BA6E1D}.Debug|Any CPU.ActiveCfg = Debug|Any CPU
		{84E9625D-BA4D-59C1-460C-A77303BA6E1D}.Debug|Any CPU.Build.0 = Debug|Any CPU
		{84E9625D-BA4D-59C1-460C-A77303BA6E1D}.Release|Any CPU.ActiveCfg = Release|Any CPU
		{84E9625D-BA4D-59C1-460C-A77303BA6E1D}.Release|Any CPU.Build.0 = Release|Any CPU
	EndGlobalSection
	GlobalSection(SolutionProperties) = preSolution
		HideSolutionNode = FALSE
	EndGlobalSection
	GlobalSection(ExtensibilityGlobals) = postSolution
		SolutionGuid = {A6C9EDCE-FC83-4010-9DDF-754AA06E2CF9}
	EndGlobalSection
EndGlobal
