
Microsoft Visual Studio Solution File, Format Version 12.00
# Visual Studio Version 17
VisualStudioVersion = 17.12.35728.132
MinimumVisualStudioVersion = 10.0.40219.1
Project("{FAE04EC0-301F-11D3-BF4B-00C04F79EFBC}") = "MyProjFolder", "Functions\MyProjFolder\MyProjFolder.csproj", "{0D5D1912-FE3F-4AFD-96FD-48D70F4C6E04}"
EndProject
Project("{2150E333-8FDC-42A3-9474-1A3956D46DE8}") = "Functions", "Functions", "{7DCE1873-06D8-475E-AFDC-8D670A017138}"
	ProjectSection(SolutionItems) = preProject
		How-To.txt = How-To.txt
	EndProjectSection
EndProject
Project("{2150E333-8FDC-42A3-9474-1A3956D46DE8}") = "Storage", "Storage", "{9669FAD6-4AFF-4BD5-BFB1-D299B3A593B5}"
EndProject
Project("{FAE04EC0-301F-11D3-BF4B-00C04F79EFBC}") = "Azure.CosmosDB.PeopleCRUD", "CosmosDB\Azure.CosmosDB.PeopleCRUD\Azure.CosmosDB.PeopleCRUD\Azure.CosmosDB.PeopleCRUD.csproj", "{97F4FEC0-8183-4684-AF06-0FCD00126661}"
EndProject
Project("{2150E333-8FDC-42A3-9474-1A3956D46DE8}") = "CosmosDB", "CosmosDB", "{696F5121-7ADB-4CD9-B2C7-116F77C9EA52}"
EndProject
Project("{2150E333-8FDC-42A3-9474-1A3956D46DE8}") = "ServiceBus", "ServiceBus", "{5E5C003C-A774-4CBC-AB58-833C2C690B36}"
EndProject
Project("{FAE04EC0-301F-11D3-BF4B-00C04F79EFBC}") = "AzureBlobStorageDemo.API", "Storage\Blob\AzureBlobStorageDemo\AzureBlobStorageDemo.API.csproj", "{75744B18-F5B3-4DAE-B64B-BD53766429DD}"
EndProject
Project("{2150E333-8FDC-42A3-9474-1A3956D46DE8}") = "Blob", "Blob", "{3C82D4A2-593A-4478-8155-6AF9709E6F63}"
EndProject
Project("{2150E333-8FDC-42A3-9474-1A3956D46DE8}") = "Queue", "Queue", "{7834A0FC-196B-411F-9EBF-A22E8599D18A}"
EndProject
Project("{FAE04EC0-301F-11D3-BF4B-00C04F79EFBC}") = "Azure.Storage.QueueReceiveExample", "Storage\Queue\Azure.Storage.QueueReceiveExample\Azure.Storage.QueueReceiveExample.csproj", "{469C1C77-6200-4D0C-9463-B6FA06BBF041}"
EndProject
Project("{FAE04EC0-301F-11D3-BF4B-00C04F79EFBC}") = "Azure.Storage.QueueSendExample", "Storage\Queue\Azure.Storage.QueueSendExample\Azure.Storage.QueueSendExample\Azure.Storage.QueueSendExample.csproj", "{BB2DA959-6D10-4B6E-AD93-5FEE7EAFE115}"
EndProject
Project("{FAE04EC0-301F-11D3-BF4B-00C04F79EFBC}") = "AzureBlobTriggerFunction", "Functions\AzureBlobTriggerFunction\AzureBlobTriggerFunction.csproj", "{6221AAD6-346F-45C9-9BE8-69387B45BFCE}"
EndProject
Project("{2150E333-8FDC-42A3-9474-1A3956D46DE8}") = "Message Services", "Message Services", "{ECA3652B-B003-4364-BFB5-78726F8829BA}"
EndProject
Project("{2150E333-8FDC-42A3-9474-1A3956D46DE8}") = "Event Grid", "Event Grid", "{7EA8C52E-E282-4442-9A9F-D81734124978}"
EndProject
Project("{FAE04EC0-301F-11D3-BF4B-00C04F79EFBC}") = "EventGridSubscriberApi", "Message Services\Event Grid\EventGridReceiverAPI\EventGridSubscriberApi.csproj", "{F2389EE9-9D44-4CA3-8F50-C09BBF2BADA0}"
EndProject
Project("{FAE04EC0-301F-11D3-BF4B-00C04F79EFBC}") = "EventGridSendConsole", "Message Services\Event Grid\EventGridSendConsole\EventGridSendConsole.csproj", "{42190EEE-5837-422B-997C-CA3A9F952031}"
EndProject
Project("{FAE04EC0-301F-11D3-BF4B-00C04F79EFBC}") = "EventGridTriggerFunction", "Functions\EventGridTriggerFunction\EventGridTriggerFunction.csproj", "{00CA69E6-42A9-46D7-BCD7-3B79C8543438}"
EndProject
Project("{FAE04EC0-301F-11D3-BF4B-00C04F79EFBC}") = "Azure.ServiceBus.ReceiveSample", "Message Services\Service Bus\Azure.ServiceBus.ReceiveSample\Azure.ServiceBus.ReceiveSample.csproj", "{367B7586-0502-44D8-87C1-D50DE01D5D4B}"
EndProject
Project("{FAE04EC0-301F-11D3-BF4B-00C04F79EFBC}") = "Azure.ServiceBus.SendSample", "Message Services\Service Bus\Azure.ServiceBus.SendSample\Azure.ServiceBus.SendSample.csproj", "{144760DC-89E4-4B7F-8D4D-FA061A4F167A}"
EndProject
Project("{2150E333-8FDC-42A3-9474-1A3956D46DE8}") = "Event Hub", "Event Hub", "{02C68E66-C34D-4D71-A6D9-FDEDBD731101}"
EndProject
Project("{FAE04EC0-301F-11D3-BF4B-00C04F79EFBC}") = "SendMessagesTajamar", "Message Services\Event Hub\EventHubsTajamar\SendMessagesTajamar.csproj", "{EC1015F0-C3C7-4940-A63F-B98604F11B2D}"
EndProject
Project("{FAE04EC0-301F-11D3-BF4B-00C04F79EFBC}") = "ReceptorMensagesTajamar", "Message Services\Event Hub\ReceptorMensagesTajamar\ReceptorMensagesTajamar.csproj", "{9D3793BB-444F-443D-855B-87EE84A6A91C}"
EndProject
Project("{FAE04EC0-301F-11D3-BF4B-00C04F79EFBC}") = "FunctionApp1", "Functions\FunctionApp1\FunctionApp1.csproj", "{D0386193-462D-4322-9052-7847B712F1D5}"
EndProject
Project("{2150E333-8FDC-42A3-9474-1A3956D46DE8}") = "Microservices", "Microservices", "{3A38597D-E965-458E-A37A-FE45207AA6DF}"
EndProject
Project("{FAE04EC0-301F-11D3-BF4B-00C04F79EFBC}") = "Common.Bus", "Message Services\Service Bus\Microservices\Common.Bus\Common.Bus.csproj", "{31E4F068-DEB7-44DB-BDE3-97976B9589CD}"
EndProject
Project("{FAE04EC0-301F-11D3-BF4B-00C04F79EFBC}") = "Inventory.Api", "Message Services\Service Bus\Microservices\Inventory.Api\Inventory.Api.csproj", "{20DC314A-6DE4-422E-9906-9C826F0CDB2A}"
EndProject
Project("{FAE04EC0-301F-11D3-BF4B-00C04F79EFBC}") = "Order.Api", "Message Services\Service Bus\Microservices\Order.Api\Order.Api.csproj", "{600AFAD6-78A5-40A3-A8C2-4462825A82B2}"
EndProject
Project("{2150E333-8FDC-42A3-9474-1A3956D46DE8}") = "Topics introduction", "Topics introduction", "{DA2C2BE1-9015-469E-83BD-CA6B280160A6}"
EndProject
Project("{FAE04EC0-301F-11D3-BF4B-00C04F79EFBC}") = "TopicSender", "Message Services\Service Bus\Topics introduction\TopicSender\TopicSender.csproj", "{797C32C9-5604-4359-AA7B-64275E5C4222}"
EndProject
Project("{FAE04EC0-301F-11D3-BF4B-00C04F79EFBC}") = "SubscriptionReceiver", "Message Services\Service Bus\Topics introduction\SubscriptionReceiver\SubscriptionReceiver.csproj", "{7B15832D-D1DE-4E7F-84CE-A44894B3B3C6}"
EndProject
Project("{2150E333-8FDC-42A3-9474-1A3956D46DE8}") = "Topics Filters And Actions", "Topics Filters And Actions", "{7C0DFBD4-4906-4D17-9F26-8E7B8BD95898}"
EndProject
Project("{FAE04EC0-301F-11D3-BF4B-00C04F79EFBC}") = "TopicsFiltersAndActionsWebApi", "Message Services\Service Bus\TopicsFiltersAndActionsWebApi\TopicsFiltersAndActionsWebApi.csproj", "{BBBE3074-B309-4151-8633-EFFBCD71E3E0}"
EndProject
Project("{2150E333-8FDC-42A3-9474-1A3956D46DE8}") = "KeyVault", "KeyVault", "{5DCAFDDD-19C9-4986-9788-AAD97DD3CE30}"
EndProject
Project("{FAE04EC0-301F-11D3-BF4B-00C04F79EFBC}") = "AzureKeyVaultDemo", "KeyVault\AzureKeyVaultDemo\AzureKeyVaultDemo.csproj", "{4317D2A2-CD80-4C40-A2AD-FA18C630020E}"
EndProject
Project("{FAE04EC0-301F-11D3-BF4B-00C04F79EFBC}") = "AzureKeyVaultDemoConsole", "KeyVault\AzureKeyVaultDemoConsole\AzureKeyVaultDemoConsole.csproj", "{0A8293ED-60D5-4FAA-BEFB-0F7315E9C909}"
EndProject
Global
	GlobalSection(SolutionConfigurationPlatforms) = preSolution
		Debug|Any CPU = Debug|Any CPU
		Release|Any CPU = Release|Any CPU
	EndGlobalSection
	GlobalSection(ProjectConfigurationPlatforms) = postSolution
		{0D5D1912-FE3F-4AFD-96FD-48D70F4C6E04}.Debug|Any CPU.ActiveCfg = Debug|Any CPU
		{0D5D1912-FE3F-4AFD-96FD-48D70F4C6E04}.Debug|Any CPU.Build.0 = Debug|Any CPU
		{0D5D1912-FE3F-4AFD-96FD-48D70F4C6E04}.Release|Any CPU.ActiveCfg = Release|Any CPU
		{0D5D1912-FE3F-4AFD-96FD-48D70F4C6E04}.Release|Any CPU.Build.0 = Release|Any CPU
		{97F4FEC0-8183-4684-AF06-0FCD00126661}.Debug|Any CPU.ActiveCfg = Debug|Any CPU
		{97F4FEC0-8183-4684-AF06-0FCD00126661}.Debug|Any CPU.Build.0 = Debug|Any CPU
		{97F4FEC0-8183-4684-AF06-0FCD00126661}.Release|Any CPU.ActiveCfg = Release|Any CPU
		{97F4FEC0-8183-4684-AF06-0FCD00126661}.Release|Any CPU.Build.0 = Release|Any CPU
		{75744B18-F5B3-4DAE-B64B-BD53766429DD}.Debug|Any CPU.ActiveCfg = Debug|Any CPU
		{75744B18-F5B3-4DAE-B64B-BD53766429DD}.Debug|Any CPU.Build.0 = Debug|Any CPU
		{75744B18-F5B3-4DAE-B64B-BD53766429DD}.Release|Any CPU.ActiveCfg = Release|Any CPU
		{75744B18-F5B3-4DAE-B64B-BD53766429DD}.Release|Any CPU.Build.0 = Release|Any CPU
		{469C1C77-6200-4D0C-9463-B6FA06BBF041}.Debug|Any CPU.ActiveCfg = Debug|Any CPU
		{469C1C77-6200-4D0C-9463-B6FA06BBF041}.Debug|Any CPU.Build.0 = Debug|Any CPU
		{469C1C77-6200-4D0C-9463-B6FA06BBF041}.Release|Any CPU.ActiveCfg = Release|Any CPU
		{469C1C77-6200-4D0C-9463-B6FA06BBF041}.Release|Any CPU.Build.0 = Release|Any CPU
		{BB2DA959-6D10-4B6E-AD93-5FEE7EAFE115}.Debug|Any CPU.ActiveCfg = Debug|Any CPU
		{BB2DA959-6D10-4B6E-AD93-5FEE7EAFE115}.Debug|Any CPU.Build.0 = Debug|Any CPU
		{BB2DA959-6D10-4B6E-AD93-5FEE7EAFE115}.Release|Any CPU.ActiveCfg = Release|Any CPU
		{BB2DA959-6D10-4B6E-AD93-5FEE7EAFE115}.Release|Any CPU.Build.0 = Release|Any CPU
		{6221AAD6-346F-45C9-9BE8-69387B45BFCE}.Debug|Any CPU.ActiveCfg = Debug|Any CPU
		{6221AAD6-346F-45C9-9BE8-69387B45BFCE}.Debug|Any CPU.Build.0 = Debug|Any CPU
		{6221AAD6-346F-45C9-9BE8-69387B45BFCE}.Release|Any CPU.ActiveCfg = Release|Any CPU
		{6221AAD6-346F-45C9-9BE8-69387B45BFCE}.Release|Any CPU.Build.0 = Release|Any CPU
		{F2389EE9-9D44-4CA3-8F50-C09BBF2BADA0}.Debug|Any CPU.ActiveCfg = Debug|Any CPU
		{F2389EE9-9D44-4CA3-8F50-C09BBF2BADA0}.Debug|Any CPU.Build.0 = Debug|Any CPU
		{F2389EE9-9D44-4CA3-8F50-C09BBF2BADA0}.Release|Any CPU.ActiveCfg = Release|Any CPU
		{F2389EE9-9D44-4CA3-8F50-C09BBF2BADA0}.Release|Any CPU.Build.0 = Release|Any CPU
		{42190EEE-5837-422B-997C-CA3A9F952031}.Debug|Any CPU.ActiveCfg = Debug|Any CPU
		{42190EEE-5837-422B-997C-CA3A9F952031}.Debug|Any CPU.Build.0 = Debug|Any CPU
		{42190EEE-5837-422B-997C-CA3A9F952031}.Release|Any CPU.ActiveCfg = Release|Any CPU
		{42190EEE-5837-422B-997C-CA3A9F952031}.Release|Any CPU.Build.0 = Release|Any CPU
		{00CA69E6-42A9-46D7-BCD7-3B79C8543438}.Debug|Any CPU.ActiveCfg = Debug|Any CPU
		{00CA69E6-42A9-46D7-BCD7-3B79C8543438}.Debug|Any CPU.Build.0 = Debug|Any CPU
		{00CA69E6-42A9-46D7-BCD7-3B79C8543438}.Release|Any CPU.ActiveCfg = Release|Any CPU
		{00CA69E6-42A9-46D7-BCD7-3B79C8543438}.Release|Any CPU.Build.0 = Release|Any CPU
		{367B7586-0502-44D8-87C1-D50DE01D5D4B}.Debug|Any CPU.ActiveCfg = Debug|Any CPU
		{367B7586-0502-44D8-87C1-D50DE01D5D4B}.Debug|Any CPU.Build.0 = Debug|Any CPU
		{367B7586-0502-44D8-87C1-D50DE01D5D4B}.Release|Any CPU.ActiveCfg = Release|Any CPU
		{367B7586-0502-44D8-87C1-D50DE01D5D4B}.Release|Any CPU.Build.0 = Release|Any CPU
		{144760DC-89E4-4B7F-8D4D-FA061A4F167A}.Debug|Any CPU.ActiveCfg = Debug|Any CPU
		{144760DC-89E4-4B7F-8D4D-FA061A4F167A}.Debug|Any CPU.Build.0 = Debug|Any CPU
		{144760DC-89E4-4B7F-8D4D-FA061A4F167A}.Release|Any CPU.ActiveCfg = Release|Any CPU
		{144760DC-89E4-4B7F-8D4D-FA061A4F167A}.Release|Any CPU.Build.0 = Release|Any CPU
		{EC1015F0-C3C7-4940-A63F-B98604F11B2D}.Debug|Any CPU.ActiveCfg = Debug|Any CPU
		{EC1015F0-C3C7-4940-A63F-B98604F11B2D}.Debug|Any CPU.Build.0 = Debug|Any CPU
		{EC1015F0-C3C7-4940-A63F-B98604F11B2D}.Release|Any CPU.ActiveCfg = Release|Any CPU
		{EC1015F0-C3C7-4940-A63F-B98604F11B2D}.Release|Any CPU.Build.0 = Release|Any CPU
		{9D3793BB-444F-443D-855B-87EE84A6A91C}.Debug|Any CPU.ActiveCfg = Debug|Any CPU
		{9D3793BB-444F-443D-855B-87EE84A6A91C}.Debug|Any CPU.Build.0 = Debug|Any CPU
		{9D3793BB-444F-443D-855B-87EE84A6A91C}.Release|Any CPU.ActiveCfg = Release|Any CPU
		{9D3793BB-444F-443D-855B-87EE84A6A91C}.Release|Any CPU.Build.0 = Release|Any CPU
		{D0386193-462D-4322-9052-7847B712F1D5}.Debug|Any CPU.ActiveCfg = Debug|Any CPU
		{D0386193-462D-4322-9052-7847B712F1D5}.Debug|Any CPU.Build.0 = Debug|Any CPU
		{D0386193-462D-4322-9052-7847B712F1D5}.Release|Any CPU.ActiveCfg = Release|Any CPU
		{D0386193-462D-4322-9052-7847B712F1D5}.Release|Any CPU.Build.0 = Release|Any CPU
		{31E4F068-DEB7-44DB-BDE3-97976B9589CD}.Debug|Any CPU.ActiveCfg = Debug|Any CPU
		{31E4F068-DEB7-44DB-BDE3-97976B9589CD}.Debug|Any CPU.Build.0 = Debug|Any CPU
		{31E4F068-DEB7-44DB-BDE3-97976B9589CD}.Release|Any CPU.ActiveCfg = Release|Any CPU
		{31E4F068-DEB7-44DB-BDE3-97976B9589CD}.Release|Any CPU.Build.0 = Release|Any CPU
		{20DC314A-6DE4-422E-9906-9C826F0CDB2A}.Debug|Any CPU.ActiveCfg = Debug|Any CPU
		{20DC314A-6DE4-422E-9906-9C826F0CDB2A}.Debug|Any CPU.Build.0 = Debug|Any CPU
		{20DC314A-6DE4-422E-9906-9C826F0CDB2A}.Release|Any CPU.ActiveCfg = Release|Any CPU
		{20DC314A-6DE4-422E-9906-9C826F0CDB2A}.Release|Any CPU.Build.0 = Release|Any CPU
		{600AFAD6-78A5-40A3-A8C2-4462825A82B2}.Debug|Any CPU.ActiveCfg = Debug|Any CPU
		{600AFAD6-78A5-40A3-A8C2-4462825A82B2}.Debug|Any CPU.Build.0 = Debug|Any CPU
		{600AFAD6-78A5-40A3-A8C2-4462825A82B2}.Release|Any CPU.ActiveCfg = Release|Any CPU
		{600AFAD6-78A5-40A3-A8C2-4462825A82B2}.Release|Any CPU.Build.0 = Release|Any CPU
		{797C32C9-5604-4359-AA7B-64275E5C4222}.Debug|Any CPU.ActiveCfg = Debug|Any CPU
		{797C32C9-5604-4359-AA7B-64275E5C4222}.Debug|Any CPU.Build.0 = Debug|Any CPU
		{797C32C9-5604-4359-AA7B-64275E5C4222}.Release|Any CPU.ActiveCfg = Release|Any CPU
		{797C32C9-5604-4359-AA7B-64275E5C4222}.Release|Any CPU.Build.0 = Release|Any CPU
		{7B15832D-D1DE-4E7F-84CE-A44894B3B3C6}.Debug|Any CPU.ActiveCfg = Debug|Any CPU
		{7B15832D-D1DE-4E7F-84CE-A44894B3B3C6}.Debug|Any CPU.Build.0 = Debug|Any CPU
		{7B15832D-D1DE-4E7F-84CE-A44894B3B3C6}.Release|Any CPU.ActiveCfg = Release|Any CPU
		{7B15832D-D1DE-4E7F-84CE-A44894B3B3C6}.Release|Any CPU.Build.0 = Release|Any CPU
		{BBBE3074-B309-4151-8633-EFFBCD71E3E0}.Debug|Any CPU.ActiveCfg = Debug|Any CPU
		{BBBE3074-B309-4151-8633-EFFBCD71E3E0}.Debug|Any CPU.Build.0 = Debug|Any CPU
		{BBBE3074-B309-4151-8633-EFFBCD71E3E0}.Release|Any CPU.ActiveCfg = Release|Any CPU
		{BBBE3074-B309-4151-8633-EFFBCD71E3E0}.Release|Any CPU.Build.0 = Release|Any CPU
		{4317D2A2-CD80-4C40-A2AD-FA18C630020E}.Debug|Any CPU.ActiveCfg = Debug|Any CPU
		{4317D2A2-CD80-4C40-A2AD-FA18C630020E}.Debug|Any CPU.Build.0 = Debug|Any CPU
		{4317D2A2-CD80-4C40-A2AD-FA18C630020E}.Release|Any CPU.ActiveCfg = Release|Any CPU
		{4317D2A2-CD80-4C40-A2AD-FA18C630020E}.Release|Any CPU.Build.0 = Release|Any CPU
		{0A8293ED-60D5-4FAA-BEFB-0F7315E9C909}.Debug|Any CPU.ActiveCfg = Debug|Any CPU
		{0A8293ED-60D5-4FAA-BEFB-0F7315E9C909}.Debug|Any CPU.Build.0 = Debug|Any CPU
		{0A8293ED-60D5-4FAA-BEFB-0F7315E9C909}.Release|Any CPU.ActiveCfg = Release|Any CPU
		{0A8293ED-60D5-4FAA-BEFB-0F7315E9C909}.Release|Any CPU.Build.0 = Release|Any CPU
	EndGlobalSection
	GlobalSection(SolutionProperties) = preSolution
		HideSolutionNode = FALSE
	EndGlobalSection
	GlobalSection(NestedProjects) = preSolution
		{0D5D1912-FE3F-4AFD-96FD-48D70F4C6E04} = {7DCE1873-06D8-475E-AFDC-8D670A017138}
		{97F4FEC0-8183-4684-AF06-0FCD00126661} = {696F5121-7ADB-4CD9-B2C7-116F77C9EA52}
		{5E5C003C-A774-4CBC-AB58-833C2C690B36} = {ECA3652B-B003-4364-BFB5-78726F8829BA}
		{75744B18-F5B3-4DAE-B64B-BD53766429DD} = {3C82D4A2-593A-4478-8155-6AF9709E6F63}
		{3C82D4A2-593A-4478-8155-6AF9709E6F63} = {9669FAD6-4AFF-4BD5-BFB1-D299B3A593B5}
		{7834A0FC-196B-411F-9EBF-A22E8599D18A} = {9669FAD6-4AFF-4BD5-BFB1-D299B3A593B5}
		{469C1C77-6200-4D0C-9463-B6FA06BBF041} = {7834A0FC-196B-411F-9EBF-A22E8599D18A}
		{BB2DA959-6D10-4B6E-AD93-5FEE7EAFE115} = {7834A0FC-196B-411F-9EBF-A22E8599D18A}
		{6221AAD6-346F-45C9-9BE8-69387B45BFCE} = {7DCE1873-06D8-475E-AFDC-8D670A017138}
		{7EA8C52E-E282-4442-9A9F-D81734124978} = {ECA3652B-B003-4364-BFB5-78726F8829BA}
		{F2389EE9-9D44-4CA3-8F50-C09BBF2BADA0} = {7EA8C52E-E282-4442-9A9F-D81734124978}
		{42190EEE-5837-422B-997C-CA3A9F952031} = {7EA8C52E-E282-4442-9A9F-D81734124978}
		{00CA69E6-42A9-46D7-BCD7-3B79C8543438} = {7DCE1873-06D8-475E-AFDC-8D670A017138}
		{367B7586-0502-44D8-87C1-D50DE01D5D4B} = {5E5C003C-A774-4CBC-AB58-833C2C690B36}
		{144760DC-89E4-4B7F-8D4D-FA061A4F167A} = {5E5C003C-A774-4CBC-AB58-833C2C690B36}
		{02C68E66-C34D-4D71-A6D9-FDEDBD731101} = {ECA3652B-B003-4364-BFB5-78726F8829BA}
		{EC1015F0-C3C7-4940-A63F-B98604F11B2D} = {02C68E66-C34D-4D71-A6D9-FDEDBD731101}
		{9D3793BB-444F-443D-855B-87EE84A6A91C} = {02C68E66-C34D-4D71-A6D9-FDEDBD731101}
		{D0386193-462D-4322-9052-7847B712F1D5} = {7DCE1873-06D8-475E-AFDC-8D670A017138}
		{3A38597D-E965-458E-A37A-FE45207AA6DF} = {5E5C003C-A774-4CBC-AB58-833C2C690B36}
		{31E4F068-DEB7-44DB-BDE3-97976B9589CD} = {3A38597D-E965-458E-A37A-FE45207AA6DF}
		{20DC314A-6DE4-422E-9906-9C826F0CDB2A} = {3A38597D-E965-458E-A37A-FE45207AA6DF}
		{600AFAD6-78A5-40A3-A8C2-4462825A82B2} = {3A38597D-E965-458E-A37A-FE45207AA6DF}
		{DA2C2BE1-9015-469E-83BD-CA6B280160A6} = {5E5C003C-A774-4CBC-AB58-833C2C690B36}
		{797C32C9-5604-4359-AA7B-64275E5C4222} = {DA2C2BE1-9015-469E-83BD-CA6B280160A6}
		{7B15832D-D1DE-4E7F-84CE-A44894B3B3C6} = {DA2C2BE1-9015-469E-83BD-CA6B280160A6}
		{7C0DFBD4-4906-4D17-9F26-8E7B8BD95898} = {5E5C003C-A774-4CBC-AB58-833C2C690B36}
		{BBBE3074-B309-4151-8633-EFFBCD71E3E0} = {7C0DFBD4-4906-4D17-9F26-8E7B8BD95898}
		{4317D2A2-CD80-4C40-A2AD-FA18C630020E} = {5DCAFDDD-19C9-4986-9788-AAD97DD3CE30}
		{0A8293ED-60D5-4FAA-BEFB-0F7315E9C909} = {5DCAFDDD-19C9-4986-9788-AAD97DD3CE30}
	EndGlobalSection
EndGlobal
