Microsoft Visual Studio Solution File, Format Version 12.00
# Visual Studio Version 17
VisualStudioVersion = 17.5.2.0
MinimumVisualStudioVersion = 10.0.40219.1
Project("{FAE04EC0-301F-11D3-BF4B-00C04F79EFBC}") = "Ordenes", "Ordenes.csproj", "{BD8845F7-51B2-4805-ED5F-D141C260F796}"
EndProject
Global
	GlobalSection(SolutionConfigurationPlatforms) = preSolution
		Debug|Any CPU = Debug|Any CPU
		Release|Any CPU = Release|Any CPU
	EndGlobalSection
	GlobalSection(ProjectConfigurationPlatforms) = postSolution
		{BD8845F7-51B2-4805-ED5F-D141C260F796}.Debug|Any CPU.ActiveCfg = Debug|Any CPU
		{BD8845F7-51B2-4805-ED5F-D141C260F796}.Debug|Any CPU.Build.0 = Debug|Any CPU
		{BD8845F7-51B2-4805-ED5F-D141C260F796}.Release|Any CPU.ActiveCfg = Release|Any CPU
		{BD8845F7-51B2-4805-ED5F-D141C260F796}.Release|Any CPU.Build.0 = Release|Any CPU
	EndGlobalSection
	GlobalSection(SolutionProperties) = preSolution
		HideSolutionNode = FALSE
	EndGlobalSection
	GlobalSection(ExtensibilityGlobals) = postSolution
		SolutionGuid = {8632FD56-D924-4311-8E64-3BF80AD7F1C5}
	EndGlobalSection
EndGlobal
